
Microsoft Visual Studio Solution File, Format Version 12.00
# Visual Studio Version 17
VisualStudioVersion = 17.14.36121.58 d17.14
MinimumVisualStudioVersion = 10.0.40219.1
Project("{FAE04EC0-301F-11D3-BF4B-00C04F79EFBC}") = "InsureFlowAI.DAL", "InsureFlowAI.DAL\InsureFlowAI.DAL.csproj", "{1B7CC8FA-DE65-4510-BC1F-9170413C553A}"
EndProject
Project("{FAE04EC0-301F-11D3-BF4B-00C04F79EFBC}") = "InsureFlowAI.BLL", "InsureFlowAI.BLL\InsureFlowAI.BLL.csproj", "{D4DED0CC-5933-40EF-A202-ABD35F646A8F}"
EndProject
Project("{FAE04EC0-301F-11D3-BF4B-00C04F79EFBC}") = "InsureFlowAI.Web", "InsureFlowAI.Web\InsureFlowAI.Web.csproj", "{4EBFAE19-BF1A-4BCB-A275-C10559F28C30}"
EndProject
Global
	GlobalSection(SolutionConfigurationPlatforms) = preSolution
		Debug|Any CPU = Debug|Any CPU
		Release|Any CPU = Release|Any CPU
	EndGlobalSection
	GlobalSection(ProjectConfigurationPlatforms) = postSolution
		{1B7CC8FA-DE65-4510-BC1F-9170413C553A}.Debug|Any CPU.ActiveCfg = Debug|Any CPU
		{1B7CC8FA-DE65-4510-BC1F-9170413C553A}.Debug|Any CPU.Build.0 = Debug|Any CPU
		{1B7CC8FA-DE65-4510-BC1F-9170413C553A}.Release|Any CPU.ActiveCfg = Release|Any CPU
		{1B7CC8FA-DE65-4510-BC1F-9170413C553A}.Release|Any CPU.Build.0 = Release|Any CPU
		{D4DED0CC-5933-40EF-A202-ABD35F646A8F}.Debug|Any CPU.ActiveCfg = Debug|Any CPU
		{D4DED0CC-5933-40EF-A202-ABD35F646A8F}.Debug|Any CPU.Build.0 = Debug|Any CPU
		{D4DED0CC-5933-40EF-A202-ABD35F646A8F}.Release|Any CPU.ActiveCfg = Release|Any CPU
		{D4DED0CC-5933-40EF-A202-ABD35F646A8F}.Release|Any CPU.Build.0 = Release|Any CPU
		{4EBFAE19-BF1A-4BCB-A275-C10559F28C30}.Debug|Any CPU.ActiveCfg = Debug|Any CPU
		{4EBFAE19-BF1A-4BCB-A275-C10559F28C30}.Debug|Any CPU.Build.0 = Debug|Any CPU
		{4EBFAE19-BF1A-4BCB-A275-C10559F28C30}.Release|Any CPU.ActiveCfg = Release|Any CPU
		{4EBFAE19-BF1A-4BCB-A275-C10559F28C30}.Release|Any CPU.Build.0 = Release|Any CPU
	EndGlobalSection
	GlobalSection(SolutionProperties) = preSolution
		HideSolutionNode = FALSE
	EndGlobalSection
	GlobalSection(ExtensibilityGlobals) = postSolution
		SolutionGuid = {49E0B834-5DA8-4ADF-A194-696E160D65B0}
	EndGlobalSection
EndGlobal
